// !$*UTF8*$!
{
	archiveVersion = 1;
	classes = {
	};
	objectVersion = 50;
	objects = {

/* Begin PBXBuildFile section */
		D233BF68244B0E1D00784C41 /* TableViewCell.swift in Sources */ = {isa = PBXBuildFile; fileRef = D233BF67244B0E1D00784C41 /* TableViewCell.swift */; };
		D233BF6A244B27EA00784C41 /* Question.swift in Sources */ = {isa = PBXBuildFile; fileRef = D233BF69244B27EA00784C41 /* Question.swift */; };
		D233BF6C244B29AF00784C41 /* ModelController.swift in Sources */ = {isa = PBXBuildFile; fileRef = D233BF6B244B29AF00784C41 /* ModelController.swift */; };
		D255616A244B4C19009C96F3 /* AnsInfoViewController.swift in Sources */ = {isa = PBXBuildFile; fileRef = D2556169244B4C19009C96F3 /* AnsInfoViewController.swift */; };
		D255616C244B4C27009C96F3 /* AnsInfoStoryboard.storyboard in Resources */ = {isa = PBXBuildFile; fileRef = D255616B244B4C27009C96F3 /* AnsInfoStoryboard.storyboard */; };
		D298D7CF244A3514002B9C2A /* MenuViewController.swift in Sources */ = {isa = PBXBuildFile; fileRef = D298D7CE244A3514002B9C2A /* MenuViewController.swift */; };
		D298D7D1244A358D002B9C2A /* MenuStoryboard.storyboard in Resources */ = {isa = PBXBuildFile; fileRef = D298D7D0244A358D002B9C2A /* MenuStoryboard.storyboard */; };
		D298D7D3244A413B002B9C2A /* SlideInTransition.swift in Sources */ = {isa = PBXBuildFile; fileRef = D298D7D2244A413B002B9C2A /* SlideInTransition.swift */; };
		D29D32F32448F76300D2E718 /* AppDelegate.swift in Sources */ = {isa = PBXBuildFile; fileRef = D29D32F22448F76300D2E718 /* AppDelegate.swift */; };
		D29D32F52448F76300D2E718 /* SceneDelegate.swift in Sources */ = {isa = PBXBuildFile; fileRef = D29D32F42448F76300D2E718 /* SceneDelegate.swift */; };
		D29D32F72448F76300D2E718 /* ViewController.swift in Sources */ = {isa = PBXBuildFile; fileRef = D29D32F62448F76300D2E718 /* ViewController.swift */; };
		D29D32FA2448F76300D2E718 /* Main.storyboard in Resources */ = {isa = PBXBuildFile; fileRef = D29D32F82448F76300D2E718 /* Main.storyboard */; };
		D29D32FF2448F76600D2E718 /* LaunchScreen.storyboard in Resources */ = {isa = PBXBuildFile; fileRef = D29D32FD2448F76600D2E718 /* LaunchScreen.storyboard */; };
		D29D33092448FE0100D2E718 /* Assets.xcassets in Resources */ = {isa = PBXBuildFile; fileRef = D29D33082448FE0100D2E718 /* Assets.xcassets */; };
		D2AA19BD244B4E590008C4FB /* NoAnsInfoViewController.swift in Sources */ = {isa = PBXBuildFile; fileRef = D2AA19BC244B4E590008C4FB /* NoAnsInfoViewController.swift */; };
		D2AA19BF244B4E700008C4FB /* NoAnsInfoStoryboard.storyboard in Resources */ = {isa = PBXBuildFile; fileRef = D2AA19BE244B4E700008C4FB /* NoAnsInfoStoryboard.storyboard */; };
		D2AEF083244F4B3700B0C699 /* ToAskViewController.swift in Sources */ = {isa = PBXBuildFile; fileRef = D2AEF082244F4B3700B0C699 /* ToAskViewController.swift */; };
		D2AEF085244F4B4400B0C699 /* ToAskStoryboard.storyboard in Resources */ = {isa = PBXBuildFile; fileRef = D2AEF084244F4B4400B0C699 /* ToAskStoryboard.storyboard */; };
		D2AEF08724506BE800B0C699 /* UrlSession.swift in Sources */ = {isa = PBXBuildFile; fileRef = D2AEF08624506BE800B0C699 /* UrlSession.swift */; };
		D2AEF08924506F7100B0C699 /* FetchingData.swift in Sources */ = {isa = PBXBuildFile; fileRef = D2AEF08824506F7100B0C699 /* FetchingData.swift */; };
		D2AEF08B245070F400B0C699 /* Expert.swift in Sources */ = {isa = PBXBuildFile; fileRef = D2AEF08A245070F400B0C699 /* Expert.swift */; };
/* End PBXBuildFile section */

/* Begin PBXFileReference section */
		D233BF67244B0E1D00784C41 /* TableViewCell.swift */ = {isa = PBXFileReference; lastKnownFileType = sourcecode.swift; path = TableViewCell.swift; sourceTree = "<group>"; };
		D233BF69244B27EA00784C41 /* Question.swift */ = {isa = PBXFileReference; lastKnownFileType = sourcecode.swift; path = Question.swift; sourceTree = "<group>"; };
		D233BF6B244B29AF00784C41 /* ModelController.swift */ = {isa = PBXFileReference; lastKnownFileType = sourcecode.swift; path = ModelController.swift; sourceTree = "<group>"; };
		D2556169244B4C19009C96F3 /* AnsInfoViewController.swift */ = {isa = PBXFileReference; lastKnownFileType = sourcecode.swift; path = AnsInfoViewController.swift; sourceTree = "<group>"; };
		D255616B244B4C27009C96F3 /* AnsInfoStoryboard.storyboard */ = {isa = PBXFileReference; lastKnownFileType = file.storyboard; path = AnsInfoStoryboard.storyboard; sourceTree = "<group>"; };
		D298D7CE244A3514002B9C2A /* MenuViewController.swift */ = {isa = PBXFileReference; lastKnownFileType = sourcecode.swift; path = MenuViewController.swift; sourceTree = "<group>"; };
		D298D7D0244A358D002B9C2A /* MenuStoryboard.storyboard */ = {isa = PBXFileReference; lastKnownFileType = file.storyboard; path = MenuStoryboard.storyboard; sourceTree = "<group>"; };
		D298D7D2244A413B002B9C2A /* SlideInTransition.swift */ = {isa = PBXFileReference; lastKnownFileType = sourcecode.swift; path = SlideInTransition.swift; sourceTree = "<group>"; };
		D29D32EF2448F76300D2E718 /* Q&A 3.0.app */ = {isa = PBXFileReference; explicitFileType = wrapper.application; includeInIndex = 0; path = "Q&A 3.0.app"; sourceTree = BUILT_PRODUCTS_DIR; };
		D29D32F22448F76300D2E718 /* AppDelegate.swift */ = {isa = PBXFileReference; lastKnownFileType = sourcecode.swift; path = AppDelegate.swift; sourceTree = "<group>"; };
		D29D32F42448F76300D2E718 /* SceneDelegate.swift */ = {isa = PBXFileReference; lastKnownFileType = sourcecode.swift; path = SceneDelegate.swift; sourceTree = "<group>"; };
		D29D32F62448F76300D2E718 /* ViewController.swift */ = {isa = PBXFileReference; lastKnownFileType = sourcecode.swift; path = ViewController.swift; sourceTree = "<group>"; };
		D29D32F92448F76300D2E718 /* Base */ = {isa = PBXFileReference; lastKnownFileType = file.storyboard; name = Base; path = Base.lproj/Main.storyboard; sourceTree = "<group>"; };
		D29D32FE2448F76600D2E718 /* Base */ = {isa = PBXFileReference; lastKnownFileType = file.storyboard; name = Base; path = Base.lproj/LaunchScreen.storyboard; sourceTree = "<group>"; };
		D29D33002448F76600D2E718 /* Info.plist */ = {isa = PBXFileReference; lastKnownFileType = text.plist.xml; path = Info.plist; sourceTree = "<group>"; };
		D29D33082448FE0100D2E718 /* Assets.xcassets */ = {isa = PBXFileReference; lastKnownFileType = folder.assetcatalog; path = Assets.xcassets; sourceTree = "<group>"; };
		D2AA19BC244B4E590008C4FB /* NoAnsInfoViewController.swift */ = {isa = PBXFileReference; lastKnownFileType = sourcecode.swift; path = NoAnsInfoViewController.swift; sourceTree = "<group>"; };
		D2AA19BE244B4E700008C4FB /* NoAnsInfoStoryboard.storyboard */ = {isa = PBXFileReference; lastKnownFileType = file.storyboard; path = NoAnsInfoStoryboard.storyboard; sourceTree = "<group>"; };
		D2AEF082244F4B3700B0C699 /* ToAskViewController.swift */ = {isa = PBXFileReference; lastKnownFileType = sourcecode.swift; path = ToAskViewController.swift; sourceTree = "<group>"; };
		D2AEF084244F4B4400B0C699 /* ToAskStoryboard.storyboard */ = {isa = PBXFileReference; lastKnownFileType = file.storyboard; path = ToAskStoryboard.storyboard; sourceTree = "<group>"; };
		D2AEF08624506BE800B0C699 /* UrlSession.swift */ = {isa = PBXFileReference; lastKnownFileType = sourcecode.swift; path = UrlSession.swift; sourceTree = "<group>"; };
		D2AEF08824506F7100B0C699 /* FetchingData.swift */ = {isa = PBXFileReference; lastKnownFileType = sourcecode.swift; path = FetchingData.swift; sourceTree = "<group>"; };
		D2AEF08A245070F400B0C699 /* Expert.swift */ = {isa = PBXFileReference; lastKnownFileType = sourcecode.swift; path = Expert.swift; sourceTree = "<group>"; };
/* End PBXFileReference section */

/* Begin PBXFrameworksBuildPhase section */
		D29D32EC2448F76300D2E718 /* Frameworks */ = {
			isa = PBXFrameworksBuildPhase;
			buildActionMask = 2147483647;
			files = (
			);
			runOnlyForDeploymentPostprocessing = 0;
		};
/* End PBXFrameworksBuildPhase section */

/* Begin PBXGroup section */
		D233BF6D244B2B1800784C41 /* ViewControllers */ = {
			isa = PBXGroup;
			children = (
				D29D32F62448F76300D2E718 /* ViewController.swift */,
				D298D7CE244A3514002B9C2A /* MenuViewController.swift */,
				D2556169244B4C19009C96F3 /* AnsInfoViewController.swift */,
				D2AA19BC244B4E590008C4FB /* NoAnsInfoViewController.swift */,
				D2AEF082244F4B3700B0C699 /* ToAskViewController.swift */,
			);
			path = ViewControllers;
			sourceTree = "<group>";
		};
		D233BF6E244B2B2C00784C41 /* Model */ = {
			isa = PBXGroup;
			children = (
				D233BF69244B27EA00784C41 /* Question.swift */,
				D2AEF08A245070F400B0C699 /* Expert.swift */,
			);
			path = Model;
			sourceTree = "<group>";
		};
		D233BF6F244B2B3F00784C41 /* Support */ = {
			isa = PBXGroup;
			children = (
				D29D32F22448F76300D2E718 /* AppDelegate.swift */,
				D29D32F42448F76300D2E718 /* SceneDelegate.swift */,
				D233BF6B244B29AF00784C41 /* ModelController.swift */,
			);
			path = Support;
			sourceTree = "<group>";
		};
		D233BF70244B2B5B00784C41 /* Storyboards */ = {
			isa = PBXGroup;
			children = (
				D29D32FD2448F76600D2E718 /* LaunchScreen.storyboard */,
				D29D32F82448F76300D2E718 /* Main.storyboard */,
				D298D7D0244A358D002B9C2A /* MenuStoryboard.storyboard */,
				D255616B244B4C27009C96F3 /* AnsInfoStoryboard.storyboard */,
				D2AA19BE244B4E700008C4FB /* NoAnsInfoStoryboard.storyboard */,
				D2AEF084244F4B4400B0C699 /* ToAskStoryboard.storyboard */,
			);
			path = Storyboards;
			sourceTree = "<group>";
		};
		D233BF71244B2B9900784C41 /* Other */ = {
			isa = PBXGroup;
			children = (
				D233BF67244B0E1D00784C41 /* TableViewCell.swift */,
				D2AEF08824506F7100B0C699 /* FetchingData.swift */,
				D2AEF08624506BE800B0C699 /* UrlSession.swift */,
				D298D7D2244A413B002B9C2A /* SlideInTransition.swift */,
			);
			path = Other;
			sourceTree = "<group>";
		};
		D29D32E62448F76300D2E718 = {
			isa = PBXGroup;
			children = (
				D29D32F12448F76300D2E718 /* Q&A 3.0 */,
				D29D32F02448F76300D2E718 /* Products */,
			);
			sourceTree = "<group>";
		};
		D29D32F02448F76300D2E718 /* Products */ = {
			isa = PBXGroup;
			children = (
				D29D32EF2448F76300D2E718 /* Q&A 3.0.app */,
			);
			name = Products;
			sourceTree = "<group>";
		};
		D29D32F12448F76300D2E718 /* Q&A 3.0 */ = {
			isa = PBXGroup;
			children = (
				D233BF6E244B2B2C00784C41 /* Model */,
				D233BF6D244B2B1800784C41 /* ViewControllers */,
				D233BF70244B2B5B00784C41 /* Storyboards */,
				D233BF6F244B2B3F00784C41 /* Support */,
				D233BF71244B2B9900784C41 /* Other */,
				D29D33082448FE0100D2E718 /* Assets.xcassets */,
				D29D33002448F76600D2E718 /* Info.plist */,
			);
			path = "Q&A 3.0";
			sourceTree = "<group>";
		};
/* End PBXGroup section */

/* Begin PBXNativeTarget section */
		D29D32EE2448F76300D2E718 /* Q&A 3.0 */ = {
			isa = PBXNativeTarget;
			buildConfigurationList = D29D33032448F76600D2E718 /* Build configuration list for PBXNativeTarget "Q&A 3.0" */;
			buildPhases = (
				D29D32EB2448F76300D2E718 /* Sources */,
				D29D32EC2448F76300D2E718 /* Frameworks */,
				D29D32ED2448F76300D2E718 /* Resources */,
			);
			buildRules = (
			);
			dependencies = (
			);
			name = "Q&A 3.0";
			productName = "Q&A 3.0";
			productReference = D29D32EF2448F76300D2E718 /* Q&A 3.0.app */;
			productType = "com.apple.product-type.application";
		};
/* End PBXNativeTarget section */

/* Begin PBXProject section */
		D29D32E72448F76300D2E718 /* Project object */ = {
			isa = PBXProject;
			attributes = {
				LastSwiftUpdateCheck = 1130;
				LastUpgradeCheck = 1130;
				ORGANIZATIONNAME = "Inna Litvinenko";
				TargetAttributes = {
					D29D32EE2448F76300D2E718 = {
						CreatedOnToolsVersion = 11.3.1;
					};
				};
			};
			buildConfigurationList = D29D32EA2448F76300D2E718 /* Build configuration list for PBXProject "Q&A 3.0" */;
			compatibilityVersion = "Xcode 9.3";
			developmentRegion = en;
			hasScannedForEncodings = 0;
			knownRegions = (
				en,
				Base,
			);
			mainGroup = D29D32E62448F76300D2E718;
			productRefGroup = D29D32F02448F76300D2E718 /* Products */;
			projectDirPath = "";
			projectRoot = "";
			targets = (
				D29D32EE2448F76300D2E718 /* Q&A 3.0 */,
			);
		};
/* End PBXProject section */

/* Begin PBXResourcesBuildPhase section */
		D29D32ED2448F76300D2E718 /* Resources */ = {
			isa = PBXResourcesBuildPhase;
			buildActionMask = 2147483647;
			files = (
				D255616C244B4C27009C96F3 /* AnsInfoStoryboard.storyboard in Resources */,
				D29D32FF2448F76600D2E718 /* LaunchScreen.storyboard in Resources */,
				D29D33092448FE0100D2E718 /* Assets.xcassets in Resources */,
				D298D7D1244A358D002B9C2A /* MenuStoryboard.storyboard in Resources */,
				D29D32FA2448F76300D2E718 /* Main.storyboard in Resources */,
				D2AA19BF244B4E700008C4FB /* NoAnsInfoStoryboard.storyboard in Resources */,
				D2AEF085244F4B4400B0C699 /* ToAskStoryboard.storyboard in Resources */,
			);
			runOnlyForDeploymentPostprocessing = 0;
		};
/* End PBXResourcesBuildPhase section */

/* Begin PBXSourcesBuildPhase section */
		D29D32EB2448F76300D2E718 /* Sources */ = {
			isa = PBXSourcesBuildPhase;
			buildActionMask = 2147483647;
			files = (
				D29D32F72448F76300D2E718 /* ViewController.swift in Sources */,
				D255616A244B4C19009C96F3 /* AnsInfoViewController.swift in Sources */,
				D2AEF08724506BE800B0C699 /* UrlSession.swift in Sources */,
				D2AA19BD244B4E590008C4FB /* NoAnsInfoViewController.swift in Sources */,
				D29D32F32448F76300D2E718 /* AppDelegate.swift in Sources */,
				D2AEF08B245070F400B0C699 /* Expert.swift in Sources */,
				D29D32F52448F76300D2E718 /* SceneDelegate.swift in Sources */,
				D233BF68244B0E1D00784C41 /* TableViewCell.swift in Sources */,
				D2AEF08924506F7100B0C699 /* FetchingData.swift in Sources */,
				D233BF6C244B29AF00784C41 /* ModelController.swift in Sources */,
				D298D7CF244A3514002B9C2A /* MenuViewController.swift in Sources */,
				D2AEF083244F4B3700B0C699 /* ToAskViewController.swift in Sources */,
				D233BF6A244B27EA00784C41 /* Question.swift in Sources */,
				D298D7D3244A413B002B9C2A /* SlideInTransition.swift in Sources */,
			);
			runOnlyForDeploymentPostprocessing = 0;
		};
/* End PBXSourcesBuildPhase section */

/* Begin PBXVariantGroup section */
		D29D32F82448F76300D2E718 /* Main.storyboard */ = {
			isa = PBXVariantGroup;
			children = (
				D29D32F92448F76300D2E718 /* Base */,
			);
			name = Main.storyboard;
			sourceTree = "<group>";
		};
		D29D32FD2448F76600D2E718 /* LaunchScreen.storyboard */ = {
			isa = PBXVariantGroup;
			children = (
				D29D32FE2448F76600D2E718 /* Base */,
			);
			name = LaunchScreen.storyboard;
			sourceTree = "<group>";
		};
/* End PBXVariantGroup section */

/* Begin XCBuildConfiguration section */
		D29D33012448F76600D2E718 /* Debug */ = {
			isa = XCBuildConfiguration;
			buildSettings = {
				ALWAYS_SEARCH_USER_PATHS = NO;
				CLANG_ANALYZER_NONNULL = YES;
				CLANG_ANALYZER_NUMBER_OBJECT_CONVERSION = YES_AGGRESSIVE;
				CLANG_CXX_LANGUAGE_STANDARD = "gnu++14";
				CLANG_CXX_LIBRARY = "libc++";
				CLANG_ENABLE_MODULES = YES;
				CLANG_ENABLE_OBJC_ARC = YES;
				CLANG_ENABLE_OBJC_WEAK = YES;
				CLANG_WARN_BLOCK_CAPTURE_AUTORELEASING = YES;
				CLANG_WARN_BOOL_CONVERSION = YES;
				CLANG_WARN_COMMA = YES;
				CLANG_WARN_CONSTANT_CONVERSION = YES;
				CLANG_WARN_DEPRECATED_OBJC_IMPLEMENTATIONS = YES;
				CLANG_WARN_DIRECT_OBJC_ISA_USAGE = YES_ERROR;
				CLANG_WARN_DOCUMENTATION_COMMENTS = YES;
				CLANG_WARN_EMPTY_BODY = YES;
				CLANG_WARN_ENUM_CONVERSION = YES;
				CLANG_WARN_INFINITE_RECURSION = YES;
				CLANG_WARN_INT_CONVERSION = YES;
				CLANG_WARN_NON_LITERAL_NULL_CONVERSION = YES;
				CLANG_WARN_OBJC_IMPLICIT_RETAIN_SELF = YES;
				CLANG_WARN_OBJC_LITERAL_CONVERSION = YES;
				CLANG_WARN_OBJC_ROOT_CLASS = YES_ERROR;
				CLANG_WARN_RANGE_LOOP_ANALYSIS = YES;
				CLANG_WARN_STRICT_PROTOTYPES = YES;
				CLANG_WARN_SUSPICIOUS_MOVE = YES;
				CLANG_WARN_UNGUARDED_AVAILABILITY = YES_AGGRESSIVE;
				CLANG_WARN_UNREACHABLE_CODE = YES;
				CLANG_WARN__DUPLICATE_METHOD_MATCH = YES;
				COPY_PHASE_STRIP = NO;
				DEBUG_INFORMATION_FORMAT = dwarf;
				ENABLE_STRICT_OBJC_MSGSEND = YES;
				ENABLE_TESTABILITY = YES;
				GCC_C_LANGUAGE_STANDARD = gnu11;
				GCC_DYNAMIC_NO_PIC = NO;
				GCC_NO_COMMON_BLOCKS = YES;
				GCC_OPTIMIZATION_LEVEL = 0;
				GCC_PREPROCESSOR_DEFINITIONS = (
					"DEBUG=1",
					"$(inherited)",
				);
				GCC_WARN_64_TO_32_BIT_CONVERSION = YES;
				GCC_WARN_ABOUT_RETURN_TYPE = YES_ERROR;
				GCC_WARN_UNDECLARED_SELECTOR = YES;
				GCC_WARN_UNINITIALIZED_AUTOS = YES_AGGRESSIVE;
				GCC_WARN_UNUSED_FUNCTION = YES;
				GCC_WARN_UNUSED_VARIABLE = YES;
				IPHONEOS_DEPLOYMENT_TARGET = 13.2;
				MTL_ENABLE_DEBUG_INFO = INCLUDE_SOURCE;
				MTL_FAST_MATH = YES;
				ONLY_ACTIVE_ARCH = YES;
				SDKROOT = iphoneos;
				SWIFT_ACTIVE_COMPILATION_CONDITIONS = DEBUG;
				SWIFT_OPTIMIZATION_LEVEL = "-Onone";
			};
			name = Debug;
		};
		D29D33022448F76600D2E718 /* Release */ = {
			isa = XCBuildConfiguration;
			buildSettings = {
				ALWAYS_SEARCH_USER_PATHS = NO;
				CLANG_ANALYZER_NONNULL = YES;
				CLANG_ANALYZER_NUMBER_OBJECT_CONVERSION = YES_AGGRESSIVE;
				CLANG_CXX_LANGUAGE_STANDARD = "gnu++14";
				CLANG_CXX_LIBRARY = "libc++";
				CLANG_ENABLE_MODULES = YES;
				CLANG_ENABLE_OBJC_ARC = YES;
				CLANG_ENABLE_OBJC_WEAK = YES;
				CLANG_WARN_BLOCK_CAPTURE_AUTORELEASING = YES;
				CLANG_WARN_BOOL_CONVERSION = YES;
				CLANG_WARN_COMMA = YES;
				CLANG_WARN_CONSTANT_CONVERSION = YES;
				CLANG_WARN_DEPRECATED_OBJC_IMPLEMENTATIONS = YES;
				CLANG_WARN_DIRECT_OBJC_ISA_USAGE = YES_ERROR;
				CLANG_WARN_DOCUMENTATION_COMMENTS = YES;
				CLANG_WARN_EMPTY_BODY = YES;
				CLANG_WARN_ENUM_CONVERSION = YES;
				CLANG_WARN_INFINITE_RECURSION = YES;
				CLANG_WARN_INT_CONVERSION = YES;
				CLANG_WARN_NON_LITERAL_NULL_CONVERSION = YES;
				CLANG_WARN_OBJC_IMPLICIT_RETAIN_SELF = YES;
				CLANG_WARN_OBJC_LITERAL_CONVERSION = YES;
				CLANG_WARN_OBJC_ROOT_CLASS = YES_ERROR;
				CLANG_WARN_RANGE_LOOP_ANALYSIS = YES;
				CLANG_WARN_STRICT_PROTOTYPES = YES;
				CLANG_WARN_SUSPICIOUS_MOVE = YES;
				CLANG_WARN_UNGUARDED_AVAILABILITY = YES_AGGRESSIVE;
				CLANG_WARN_UNREACHABLE_CODE = YES;
				CLANG_WARN__DUPLICATE_METHOD_MATCH = YES;
				COPY_PHASE_STRIP = NO;
				DEBUG_INFORMATION_FORMAT = "dwarf-with-dsym";
				ENABLE_NS_ASSERTIONS = NO;
				ENABLE_STRICT_OBJC_MSGSEND = YES;
				GCC_C_LANGUAGE_STANDARD = gnu11;
				GCC_NO_COMMON_BLOCKS = YES;
				GCC_WARN_64_TO_32_BIT_CONVERSION = YES;
				GCC_WARN_ABOUT_RETURN_TYPE = YES_ERROR;
				GCC_WARN_UNDECLARED_SELECTOR = YES;
				GCC_WARN_UNINITIALIZED_AUTOS = YES_AGGRESSIVE;
				GCC_WARN_UNUSED_FUNCTION = YES;
				GCC_WARN_UNUSED_VARIABLE = YES;
				IPHONEOS_DEPLOYMENT_TARGET = 13.2;
				MTL_ENABLE_DEBUG_INFO = NO;
				MTL_FAST_MATH = YES;
				SDKROOT = iphoneos;
				SWIFT_COMPILATION_MODE = wholemodule;
				SWIFT_OPTIMIZATION_LEVEL = "-O";
				VALIDATE_PRODUCT = YES;
			};
			name = Release;
		};
		D29D33042448F76600D2E718 /* Debug */ = {
			isa = XCBuildConfiguration;
			buildSettings = {
				ASSETCATALOG_COMPILER_APPICON_NAME = AppIcon;
				CODE_SIGN_STYLE = Automatic;
				DEVELOPMENT_TEAM = B6U9AWB5W8;
				INFOPLIST_FILE = "Q&A 3.0/Info.plist";
				LD_RUNPATH_SEARCH_PATHS = (
					"$(inherited)",
					"@executable_path/Frameworks",
				);
				PRODUCT_BUNDLE_IDENTIFIER = "com.Inna.Q-A-3-0";
				PRODUCT_NAME = "$(TARGET_NAME)";
				SWIFT_VERSION = 5.0;
				TARGETED_DEVICE_FAMILY = "1,2";
			};
			name = Debug;
		};
		D29D33052448F76600D2E718 /* Release */ = {
			isa = XCBuildConfiguration;
			buildSettings = {
				ASSETCATALOG_COMPILER_APPICON_NAME = AppIcon;
				CODE_SIGN_STYLE = Automatic;
				DEVELOPMENT_TEAM = B6U9AWB5W8;
				INFOPLIST_FILE = "Q&A 3.0/Info.plist";
				LD_RUNPATH_SEARCH_PATHS = (
					"$(inherited)",
					"@executable_path/Frameworks",
				);
				PRODUCT_BUNDLE_IDENTIFIER = "com.Inna.Q-A-3-0";
				PRODUCT_NAME = "$(TARGET_NAME)";
				SWIFT_VERSION = 5.0;
				TARGETED_DEVICE_FAMILY = "1,2";
			};
			name = Release;
		};
/* End XCBuildConfiguration section */

/* Begin XCConfigurationList section */
		D29D32EA2448F76300D2E718 /* Build configuration list for PBXProject "Q&A 3.0" */ = {
			isa = XCConfigurationList;
			buildConfigurations = (
				D29D33012448F76600D2E718 /* Debug */,
				D29D33022448F76600D2E718 /* Release */,
			);
			defaultConfigurationIsVisible = 0;
			defaultConfigurationName = Release;
		};
		D29D33032448F76600D2E718 /* Build configuration list for PBXNativeTarget "Q&A 3.0" */ = {
			isa = XCConfigurationList;
			buildConfigurations = (
				D29D33042448F76600D2E718 /* Debug */,
				D29D33052448F76600D2E718 /* Release */,
			);
			defaultConfigurationIsVisible = 0;
			defaultConfigurationName = Release;
		};
/* End XCConfigurationList section */
	};
	rootObject = D29D32E72448F76300D2E718 /* Project object */;
}
